PODS:
  - FontAwesome.swift (0.7.3)
  - MGSwipeTableCell (1.5.5)
  - Realm (1.0.1):
    - Realm/Headers (= 1.0.1)
  - Realm/Headers (1.0.1)
  - RealmSwift (1.0.1):
    - Realm (= 1.0.1)
  - TPKeyboardAvoiding (1.3)

DEPENDENCIES:
  - FontAwesome.swift
  - MGSwipeTableCell
  - RealmSwift
  - TPKeyboardAvoiding

SPEC CHECKSUMS:
  FontAwesome.swift: f694fe0f667d6d3390b5919cdb0556a27b75d427
  MGSwipeTableCell: bafeb5f351124544c9364ecbdf24c7b06a37d340
  Realm: 2e15e39d35b08abb529e212ed5d8af107b5236c8
  RealmSwift: d73ea2af08c3676dbdd5e4b669651a0f492162a4
  TPKeyboardAvoiding: a5138f318c06fb3e151f886e18ce4a72695d9cbe

PODFILE CHECKSUM: 617cda594314dc6924e4d24fbebecdbcc413ffd5

COCOAPODS: 1.0.0
